
Microsoft Visual Studio Solution File, Format Version 12.00
# Visual Studio 15
Project("{FAE04EC0-301F-11D3-BF4B-00C04F79EFBC}") = "Assembly-CSharp-Editor", "Assembly-CSharp-Editor.csproj", "{24B77DE0-7CA9-C06D-C719-340A620ECAB8}"
EndProject
Project("{FAE04EC0-301F-11D3-BF4B-00C04F79EFBC}") = "Assembly-CSharp", "Assembly-CSharp.csproj", "{ACE47000-3413-296E-162F-676CBF5222F3}"
EndProject
Global
	GlobalSection(SolutionConfigurationPlatforms) = preSolution
		Debug|Any CPU = Debug|Any CPU
		Release|Any CPU = Release|Any CPU
	EndGlobalSection
	GlobalSection(ProjectConfigurationPlatforms) = postSolution
		{24B77DE0-7CA9-C06D-C719-340A620ECAB8}.Debug|Any CPU.ActiveCfg = Debug|Any CPU
		{24B77DE0-7CA9-C06D-C719-340A620ECAB8}.Debug|Any CPU.Build.0 = Debug|Any CPU
		{24B77DE0-7CA9-C06D-C719-340A620ECAB8}.Release|Any CPU.ActiveCfg = Release|Any CPU
		{24B77DE0-7CA9-C06D-C719-340A620ECAB8}.Release|Any CPU.Build.0 = Release|Any CPU
		{ACE47000-3413-296E-162F-676CBF5222F3}.Debug|Any CPU.ActiveCfg = Debug|Any CPU
		{ACE47000-3413-296E-162F-676CBF5222F3}.Debug|Any CPU.Build.0 = Debug|Any CPU
		{ACE47000-3413-296E-162F-676CBF5222F3}.Release|Any CPU.ActiveCfg = Release|Any CPU
		{ACE47000-3413-296E-162F-676CBF5222F3}.Release|Any CPU.Build.0 = Release|Any CPU
	EndGlobalSection
	GlobalSection(SolutionProperties) = preSolution
		HideSolutionNode = FALSE
	EndGlobalSection
EndGlobal
